{
    "_readme": [
        "This file locks the dependencies of your project to a known state",
        "Read more about it at https://getcomposer.org/doc/01-basic-usage.md#composer-lock-the-lock-file",
        "This file is @generated automatically"
    ],
    "content-hash": "dd5ff544b240f216c9b8f1fd0383737b",
    "packages": [
        {
            "name": "obray/socket-server",
            "version": "v1.0.8",
            "source": {
                "type": "git",
                "url": "https://github.com/nateobray/SocketServer.git",
                "reference": "78db6b7e748c4f5fe4f750506c23d5327c16dcc1"
            },
            "dist": {
                "type": "zip",
                "url": "https://api.github.com/repos/nateobray/SocketServer/zipball/78db6b7e748c4f5fe4f750506c23d5327c16dcc1",
                "reference": "78db6b7e748c4f5fe4f750506c23d5327c16dcc1",
                "shasum": ""
            },
            "require": {
                "php": ">=7.1"
            },
            "type": "library",
            "autoload": {
                "psr-4": {
                    "obray\\": "src"
                }
            },
            "notification-url": "https://packagist.org/downloads/",
            "license": [
                "MIT"
            ],
            "description": "Generic socket server with non-blocking reads and writes.",
            "time": "2019-12-12T20:51:39+00:00"
        }
    ],
    "packages-dev": [],
    "aliases": [],
    "minimum-stability": "stable",
    "stability-flags": [],
    "prefer-stable": false,
    "prefer-lowest": false,
    "platform": {
        "php": ">=7.1"
    },
    "platform-dev": []
}
